{
  "name": "gurps4e",
  "version": "1.0.0",
  "lockfileVersion": 1,
  "requires": true,
  "dependencies": {
    "gurps-foundry-roll-lib": {
      "version": "git+https://gitlab.com/gurps-foundry/roll-lib.git#d64e14f74d7e2e11e6cd2e594341403187f28bbd",
      "from": "git+https://gitlab.com/gurps-foundry/roll-lib.git",
      "requires": {
        "math-expression-evaluator": "^1.2.22"
      }
    },
    "math-expression-evaluator": {
      "version": "1.2.22",
      "resolved": "https://registry.npmjs.org/math-expression-evaluator/-/math-expression-evaluator-1.2.22.tgz",
      "integrity": "sha512-L0j0tFVZBQQLeEjmWOvDLoRciIY8gQGWahvkztXUal8jH8R5Rlqo9GCvgqvXcy9LQhEWdQCVvzqAbxgYNt4blQ=="
    }
  }
}
